
Microsoft Visual Studio Solution File, Format Version 12.00
# Visual Studio Version 17
VisualStudioVersion = 17.6.33829.357
MinimumVisualStudioVersion = 10.0.40219.1
Project("{FAE04EC0-301F-11D3-BF4B-00C04F79EFBC}") = "CL_MyLogZip", "CL_MyLogZip\CL_MyLogZip.csproj", "{2F28D32A-6A12-474B-8237-D0B3723CC29C}"
EndProject
Project("{FAE04EC0-301F-11D3-BF4B-00C04F79EFBC}") = "CL_Unit", "CL_Unit\CL_Unit.csproj", "{A2B4FCBC-6C47-4DD4-A046-4F4C5A60D70D}"
EndProject
Project("{FAE04EC0-301F-11D3-BF4B-00C04F79EFBC}") = "CL_Unit_Office", "CL_Unit_Office\CL_Unit_Office.csproj", "{4996E721-1FE1-4922-8326-03AE5DA7A69E}"
EndProject
Project("{FAE04EC0-301F-11D3-BF4B-00C04F79EFBC}") = "MyLogger", "MyLogger\MyLogger.csproj", "{E66F69F2-1E16-4B74-9FB4-328483EC10AD}"
EndProject
Project("{9A19103F-16F7-4668-BE54-9A1E7A4F7556}") = "CL_Test01.Stand", "CL_Test01.Stand\CL_Test01.Stand.csproj", "{0C230E23-01CF-4B5D-B2AC-C79A4C0D1D36}"
EndProject
Project("{9A19103F-16F7-4668-BE54-9A1E7A4F7556}") = "CL_TestBase.Stand", "CL_TestBase.Stand\CL_TestBase.Stand.csproj", "{DBC40E2D-AC3B-41DD-8DFE-C343FB0B0A7F}"
EndProject
Project("{9A19103F-16F7-4668-BE54-9A1E7A4F7556}") = "MyLogger.Core", "MyLogger.Core\MyLogger.Core.csproj", "{FBEAF3A9-C703-49CA-85B9-F40D4CE6DEB7}"
EndProject
Project("{9A19103F-16F7-4668-BE54-9A1E7A4F7556}") = "CL_Unit_Office.Core", "CL_Unit_Office.Core\CL_Unit_Office.Core.csproj", "{29AB566F-32E0-4928-99C0-E368421A0899}"
EndProject
Project("{9A19103F-16F7-4668-BE54-9A1E7A4F7556}") = "CL_MyLogZip.Core", "CL_MyLogZip.Core\CL_MyLogZip.Core.csproj", "{5435BBBC-5EBB-4E0F-B53C-B172E5ECA8F4}"
EndProject
Project("{FAE04EC0-301F-11D3-BF4B-00C04F79EFBC}") = "CL_Logger", "CL_Logger\CL_Logger.csproj", "{987F9F1F-638B-48D2-B2E0-76AA8D7B6FF7}"
EndProject
Project("{FAE04EC0-301F-11D3-BF4B-00C04F79EFBC}") = "CL_Logger.Core", "CL_Logger.Core\CL_Logger.Core.csproj", "{8E1C3ECE-479A-45D4-BEB7-29A338D2B903}"
EndProject
Global
	GlobalSection(SolutionConfigurationPlatforms) = preSolution
		Debug|Any CPU = Debug|Any CPU
		Release|Any CPU = Release|Any CPU
	EndGlobalSection
	GlobalSection(ProjectConfigurationPlatforms) = postSolution
		{2F28D32A-6A12-474B-8237-D0B3723CC29C}.Debug|Any CPU.ActiveCfg = Debug|Any CPU
		{2F28D32A-6A12-474B-8237-D0B3723CC29C}.Debug|Any CPU.Build.0 = Debug|Any CPU
		{2F28D32A-6A12-474B-8237-D0B3723CC29C}.Release|Any CPU.ActiveCfg = Release|Any CPU
		{2F28D32A-6A12-474B-8237-D0B3723CC29C}.Release|Any CPU.Build.0 = Release|Any CPU
		{A2B4FCBC-6C47-4DD4-A046-4F4C5A60D70D}.Debug|Any CPU.ActiveCfg = Debug|Any CPU
		{A2B4FCBC-6C47-4DD4-A046-4F4C5A60D70D}.Debug|Any CPU.Build.0 = Debug|Any CPU
		{A2B4FCBC-6C47-4DD4-A046-4F4C5A60D70D}.Release|Any CPU.ActiveCfg = Release|Any CPU
		{A2B4FCBC-6C47-4DD4-A046-4F4C5A60D70D}.Release|Any CPU.Build.0 = Release|Any CPU
		{4996E721-1FE1-4922-8326-03AE5DA7A69E}.Debug|Any CPU.ActiveCfg = Debug|Any CPU
		{4996E721-1FE1-4922-8326-03AE5DA7A69E}.Debug|Any CPU.Build.0 = Debug|Any CPU
		{4996E721-1FE1-4922-8326-03AE5DA7A69E}.Release|Any CPU.ActiveCfg = Release|Any CPU
		{4996E721-1FE1-4922-8326-03AE5DA7A69E}.Release|Any CPU.Build.0 = Release|Any CPU
		{E66F69F2-1E16-4B74-9FB4-328483EC10AD}.Debug|Any CPU.ActiveCfg = Debug|Any CPU
		{E66F69F2-1E16-4B74-9FB4-328483EC10AD}.Debug|Any CPU.Build.0 = Debug|Any CPU
		{E66F69F2-1E16-4B74-9FB4-328483EC10AD}.Release|Any CPU.ActiveCfg = Release|Any CPU
		{E66F69F2-1E16-4B74-9FB4-328483EC10AD}.Release|Any CPU.Build.0 = Release|Any CPU
		{0C230E23-01CF-4B5D-B2AC-C79A4C0D1D36}.Debug|Any CPU.ActiveCfg = Debug|Any CPU
		{0C230E23-01CF-4B5D-B2AC-C79A4C0D1D36}.Debug|Any CPU.Build.0 = Debug|Any CPU
		{0C230E23-01CF-4B5D-B2AC-C79A4C0D1D36}.Release|Any CPU.ActiveCfg = Release|Any CPU
		{0C230E23-01CF-4B5D-B2AC-C79A4C0D1D36}.Release|Any CPU.Build.0 = Release|Any CPU
		{DBC40E2D-AC3B-41DD-8DFE-C343FB0B0A7F}.Debug|Any CPU.ActiveCfg = Debug|Any CPU
		{DBC40E2D-AC3B-41DD-8DFE-C343FB0B0A7F}.Debug|Any CPU.Build.0 = Debug|Any CPU
		{DBC40E2D-AC3B-41DD-8DFE-C343FB0B0A7F}.Release|Any CPU.ActiveCfg = Release|Any CPU
		{DBC40E2D-AC3B-41DD-8DFE-C343FB0B0A7F}.Release|Any CPU.Build.0 = Release|Any CPU
		{FBEAF3A9-C703-49CA-85B9-F40D4CE6DEB7}.Debug|Any CPU.ActiveCfg = Debug|Any CPU
		{FBEAF3A9-C703-49CA-85B9-F40D4CE6DEB7}.Debug|Any CPU.Build.0 = Debug|Any CPU
		{FBEAF3A9-C703-49CA-85B9-F40D4CE6DEB7}.Release|Any CPU.ActiveCfg = Release|Any CPU
		{FBEAF3A9-C703-49CA-85B9-F40D4CE6DEB7}.Release|Any CPU.Build.0 = Release|Any CPU
		{29AB566F-32E0-4928-99C0-E368421A0899}.Debug|Any CPU.ActiveCfg = Debug|Any CPU
		{29AB566F-32E0-4928-99C0-E368421A0899}.Debug|Any CPU.Build.0 = Debug|Any CPU
		{29AB566F-32E0-4928-99C0-E368421A0899}.Release|Any CPU.ActiveCfg = Release|Any CPU
		{29AB566F-32E0-4928-99C0-E368421A0899}.Release|Any CPU.Build.0 = Release|Any CPU
		{5435BBBC-5EBB-4E0F-B53C-B172E5ECA8F4}.Debug|Any CPU.ActiveCfg = Debug|Any CPU
		{5435BBBC-5EBB-4E0F-B53C-B172E5ECA8F4}.Debug|Any CPU.Build.0 = Debug|Any CPU
		{5435BBBC-5EBB-4E0F-B53C-B172E5ECA8F4}.Release|Any CPU.ActiveCfg = Release|Any CPU
		{5435BBBC-5EBB-4E0F-B53C-B172E5ECA8F4}.Release|Any CPU.Build.0 = Release|Any CPU
		{987F9F1F-638B-48D2-B2E0-76AA8D7B6FF7}.Debug|Any CPU.ActiveCfg = Debug|Any CPU
		{987F9F1F-638B-48D2-B2E0-76AA8D7B6FF7}.Debug|Any CPU.Build.0 = Debug|Any CPU
		{987F9F1F-638B-48D2-B2E0-76AA8D7B6FF7}.Release|Any CPU.ActiveCfg = Release|Any CPU
		{987F9F1F-638B-48D2-B2E0-76AA8D7B6FF7}.Release|Any CPU.Build.0 = Release|Any CPU
		{8E1C3ECE-479A-45D4-BEB7-29A338D2B903}.Debug|Any CPU.ActiveCfg = Debug|Any CPU
		{8E1C3ECE-479A-45D4-BEB7-29A338D2B903}.Debug|Any CPU.Build.0 = Debug|Any CPU
		{8E1C3ECE-479A-45D4-BEB7-29A338D2B903}.Release|Any CPU.ActiveCfg = Release|Any CPU
		{8E1C3ECE-479A-45D4-BEB7-29A338D2B903}.Release|Any CPU.Build.0 = Release|Any CPU
	EndGlobalSection
	GlobalSection(SolutionProperties) = preSolution
		HideSolutionNode = FALSE
	EndGlobalSection
	GlobalSection(ExtensibilityGlobals) = postSolution
		SolutionGuid = {FA64B6A8-03F1-4A65-83A2-9A6DAB5A0A4D}
	EndGlobalSection
EndGlobal
